
Microsoft Visual Studio Solution File, Format Version 12.00
# Visual Studio 15
VisualStudioVersion = 15.0.27703.2035
MinimumVisualStudioVersion = 10.0.40219.1
Project("{FAE04EC0-301F-11D3-BF4B-00C04F79EFBC}") = "Newsletter AppMVC", "Newsletter AppMVC\Newsletter AppMVC.csproj", "{07CC8697-A367-44EA-B338-7D4A5D5FDB1B}"
EndProject
Global
	GlobalSection(SolutionConfigurationPlatforms) = preSolution
		Debug|Any CPU = Debug|Any CPU
		Release|Any CPU = Release|Any CPU
	EndGlobalSection
	GlobalSection(ProjectConfigurationPlatforms) = postSolution
		{07CC8697-A367-44EA-B338-7D4A5D5FDB1B}.Debug|Any CPU.ActiveCfg = Debug|Any CPU
		{07CC8697-A367-44EA-B338-7D4A5D5FDB1B}.Debug|Any CPU.Build.0 = Debug|Any CPU
		{07CC8697-A367-44EA-B338-7D4A5D5FDB1B}.Release|Any CPU.ActiveCfg = Release|Any CPU
		{07CC8697-A367-44EA-B338-7D4A5D5FDB1B}.Release|Any CPU.Build.0 = Release|Any CPU
	EndGlobalSection
	GlobalSection(SolutionProperties) = preSolution
		HideSolutionNode = FALSE
	EndGlobalSection
	GlobalSection(ExtensibilityGlobals) = postSolution
		SolutionGuid = {0C48D35D-2B1A-4217-8691-2CA72BC2941B}
	EndGlobalSection
EndGlobal
